// !$*UTF8*$!
{
	archiveVersion = 1;
	classes = {
	};
	objectVersion = 56;
	objects = {

/* Begin PBXBuildFile section */
		0462ECA02C2AE08D00282569 /* SingleScroll.swift in Sources */ = {isa = PBXBuildFile; fileRef = 0462EC9F2C2AE08D00282569 /* SingleScroll.swift */; };
		0462ECA22C2AE9CF00282569 /* NavigationRouter.swift in Sources */ = {isa = PBXBuildFile; fileRef = 0462ECA12C2AE9CF00282569 /* NavigationRouter.swift */; };
		0462ECA42C2AEF2300282569 /* HierarchialCode.swift in Sources */ = {isa = PBXBuildFile; fileRef = 0462ECA32C2AEF2300282569 /* HierarchialCode.swift */; };
		0462ECA62C2AFACD00282569 /* LayoutScroll.swift in Sources */ = {isa = PBXBuildFile; fileRef = 0462ECA52C2AFACD00282569 /* LayoutScroll.swift */; };
		0462ECA82C2AFD7200282569 /* LoadingCodable.swift in Sources */ = {isa = PBXBuildFile; fileRef = 0462ECA72C2AFD7200282569 /* LoadingCodable.swift */; };
		0462ECB42C2AFF7F00282569 /* Astronaut.swift in Sources */ = {isa = PBXBuildFile; fileRef = 0462ECB32C2AFF7F00282569 /* Astronaut.swift */; };
		0462ECB62C2AFFEE00282569 /* Bundle-Decodable.swift in Sources */ = {isa = PBXBuildFile; fileRef = 0462ECB52C2AFFEE00282569 /* Bundle-Decodable.swift */; };
		0462ECB82C2B0A3000282569 /* Mission.swift in Sources */ = {isa = PBXBuildFile; fileRef = 0462ECB72C2B0A3000282569 /* Mission.swift */; };
		04DFE88C2C2B483800C32801 /* astronauts.json in Resources */ = {isa = PBXBuildFile; fileRef = 04DFE88B2C2B483800C32801 /* astronauts.json */; };
		04DFE88E2C2B483E00C32801 /* missions.json in Resources */ = {isa = PBXBuildFile; fileRef = 04DFE88D2C2B483E00C32801 /* missions.json */; };
		04FC370B2C2A2D4700B2F0C3 /* MoonshotApp.swift in Sources */ = {isa = PBXBuildFile; fileRef = 04FC370A2C2A2D4700B2F0C3 /* MoonshotApp.swift */; };
		04FC370D2C2A2D4700B2F0C3 /* ContentView.swift in Sources */ = {isa = PBXBuildFile; fileRef = 04FC370C2C2A2D4700B2F0C3 /* ContentView.swift */; };
		04FC370F2C2A2D4F00B2F0C3 /* Assets.xcassets in Resources */ = {isa = PBXBuildFile; fileRef = 04FC370E2C2A2D4F00B2F0C3 /* Assets.xcassets */; };
		04FC37122C2A2D4F00B2F0C3 /* Preview Assets.xcassets in Resources */ = {isa = PBXBuildFile; fileRef = 04FC37112C2A2D4F00B2F0C3 /* Preview Assets.xcassets */; };
/* End PBXBuildFile section */

/* Begin PBXFileReference section */
		0462EC9F2C2AE08D00282569 /* SingleScroll.swift */ = {isa = PBXFileReference; lastKnownFileType = sourcecode.swift; path = SingleScroll.swift; sourceTree = "<group>"; };
		0462ECA12C2AE9CF00282569 /* NavigationRouter.swift */ = {isa = PBXFileReference; lastKnownFileType = sourcecode.swift; path = NavigationRouter.swift; sourceTree = "<group>"; };
		0462ECA32C2AEF2300282569 /* HierarchialCode.swift */ = {isa = PBXFileReference; lastKnownFileType = sourcecode.swift; path = HierarchialCode.swift; sourceTree = "<group>"; };
		0462ECA52C2AFACD00282569 /* LayoutScroll.swift */ = {isa = PBXFileReference; lastKnownFileType = sourcecode.swift; path = LayoutScroll.swift; sourceTree = "<group>"; };
		0462ECA72C2AFD7200282569 /* LoadingCodable.swift */ = {isa = PBXFileReference; lastKnownFileType = sourcecode.swift; path = LoadingCodable.swift; sourceTree = "<group>"; };
		0462ECB32C2AFF7F00282569 /* Astronaut.swift */ = {isa = PBXFileReference; lastKnownFileType = sourcecode.swift; path = Astronaut.swift; sourceTree = "<group>"; };
		0462ECB52C2AFFEE00282569 /* Bundle-Decodable.swift */ = {isa = PBXFileReference; lastKnownFileType = sourcecode.swift; path = "Bundle-Decodable.swift"; sourceTree = "<group>"; };
		0462ECB72C2B0A3000282569 /* Mission.swift */ = {isa = PBXFileReference; lastKnownFileType = sourcecode.swift; path = Mission.swift; sourceTree = "<group>"; };
		04DFE88B2C2B483800C32801 /* astronauts.json */ = {isa = PBXFileReference; fileEncoding = 4; lastKnownFileType = text.json; path = astronauts.json; sourceTree = "<group>"; };
		04DFE88D2C2B483E00C32801 /* missions.json */ = {isa = PBXFileReference; fileEncoding = 4; lastKnownFileType = text.json; path = missions.json; sourceTree = "<group>"; };
		04FC37072C2A2D4700B2F0C3 /* Moonshot.app */ = {isa = PBXFileReference; explicitFileType = wrapper.application; includeInIndex = 0; path = Moonshot.app; sourceTree = BUILT_PRODUCTS_DIR; };
		04FC370A2C2A2D4700B2F0C3 /* MoonshotApp.swift */ = {isa = PBXFileReference; lastKnownFileType = sourcecode.swift; path = MoonshotApp.swift; sourceTree = "<group>"; };
		04FC370C2C2A2D4700B2F0C3 /* ContentView.swift */ = {isa = PBXFileReference; lastKnownFileType = sourcecode.swift; path = ContentView.swift; sourceTree = "<group>"; };
		04FC370E2C2A2D4F00B2F0C3 /* Assets.xcassets */ = {isa = PBXFileReference; lastKnownFileType = folder.assetcatalog; path = Assets.xcassets; sourceTree = "<group>"; };
		04FC37112C2A2D4F00B2F0C3 /* Preview Assets.xcassets */ = {isa = PBXFileReference; lastKnownFileType = folder.assetcatalog; path = "Preview Assets.xcassets"; sourceTree = "<group>"; };
/* End PBXFileReference section */

/* Begin PBXFrameworksBuildPhase section */
		04FC37042C2A2D4700B2F0C3 /* Frameworks */ = {
			isa = PBXFrameworksBuildPhase;
			buildActionMask = 2147483647;
			files = (
			);
			runOnlyForDeploymentPostprocessing = 0;
		};
/* End PBXFrameworksBuildPhase section */

/* Begin PBXGroup section */
		04FC36FE2C2A2D4700B2F0C3 = {
			isa = PBXGroup;
			children = (
				04FC37092C2A2D4700B2F0C3 /* Moonshot */,
				04FC37082C2A2D4700B2F0C3 /* Products */,
			);
			sourceTree = "<group>";
		};
		04FC37082C2A2D4700B2F0C3 /* Products */ = {
			isa = PBXGroup;
			children = (
				04FC37072C2A2D4700B2F0C3 /* Moonshot.app */,
			);
			name = Products;
			sourceTree = "<group>";
		};
		04FC37092C2A2D4700B2F0C3 /* Moonshot */ = {
			isa = PBXGroup;
			children = (
				04FC370A2C2A2D4700B2F0C3 /* MoonshotApp.swift */,
				04FC370C2C2A2D4700B2F0C3 /* ContentView.swift */,
				0462EC9F2C2AE08D00282569 /* SingleScroll.swift */,
				0462ECA12C2AE9CF00282569 /* NavigationRouter.swift */,
				0462ECA32C2AEF2300282569 /* HierarchialCode.swift */,
				0462ECA52C2AFACD00282569 /* LayoutScroll.swift */,
				0462ECA72C2AFD7200282569 /* LoadingCodable.swift */,
				0462ECB52C2AFFEE00282569 /* Bundle-Decodable.swift */,
				0462ECB72C2B0A3000282569 /* Mission.swift */,
				0462ECB32C2AFF7F00282569 /* Astronaut.swift */,
				04FC370E2C2A2D4F00B2F0C3 /* Assets.xcassets */,
				04DFE88B2C2B483800C32801 /* astronauts.json */,
				04DFE88D2C2B483E00C32801 /* missions.json */,
				04FC37102C2A2D4F00B2F0C3 /* Preview Content */,
			);
			path = Moonshot;
			sourceTree = "<group>";
		};
		04FC37102C2A2D4F00B2F0C3 /* Preview Content */ = {
			isa = PBXGroup;
			children = (
				04FC37112C2A2D4F00B2F0C3 /* Preview Assets.xcassets */,
			);
			path = "Preview Content";
			sourceTree = "<group>";
		};
/* End PBXGroup section */

/* Begin PBXNativeTarget section */
		04FC37062C2A2D4700B2F0C3 /* Moonshot */ = {
			isa = PBXNativeTarget;
			buildConfigurationList = 04FC37152C2A2D4F00B2F0C3 /* Build configuration list for PBXNativeTarget "Moonshot" */;
			buildPhases = (
				04FC37032C2A2D4700B2F0C3 /* Sources */,
				04FC37042C2A2D4700B2F0C3 /* Frameworks */,
				04FC37052C2A2D4700B2F0C3 /* Resources */,
			);
			buildRules = (
			);
			dependencies = (
			);
			name = Moonshot;
			productName = Moonshot;
			productReference = 04FC37072C2A2D4700B2F0C3 /* Moonshot.app */;
			productType = "com.apple.product-type.application";
		};
/* End PBXNativeTarget section */

/* Begin PBXProject section */
		04FC36FF2C2A2D4700B2F0C3 /* Project object */ = {
			isa = PBXProject;
			attributes = {
				BuildIndependentTargetsInParallel = 1;
				LastSwiftUpdateCheck = 1500;
				LastUpgradeCheck = 1500;
				TargetAttributes = {
					04FC37062C2A2D4700B2F0C3 = {
						CreatedOnToolsVersion = 15.0.1;
					};
				};
			};
			buildConfigurationList = 04FC37022C2A2D4700B2F0C3 /* Build configuration list for PBXProject "Moonshot" */;
			compatibilityVersion = "Xcode 14.0";
			developmentRegion = en;
			hasScannedForEncodings = 0;
			knownRegions = (
				en,
				Base,
			);
			mainGroup = 04FC36FE2C2A2D4700B2F0C3;
			productRefGroup = 04FC37082C2A2D4700B2F0C3 /* Products */;
			projectDirPath = "";
			projectRoot = "";
			targets = (
				04FC37062C2A2D4700B2F0C3 /* Moonshot */,
			);
		};
/* End PBXProject section */

/* Begin PBXResourcesBuildPhase section */
		04FC37052C2A2D4700B2F0C3 /* Resources */ = {
			isa = PBXResourcesBuildPhase;
			buildActionMask = 2147483647;
			files = (
				04DFE88C2C2B483800C32801 /* astronauts.json in Resources */,
				04FC37122C2A2D4F00B2F0C3 /* Preview Assets.xcassets in Resources */,
				04DFE88E2C2B483E00C32801 /* missions.json in Resources */,
				04FC370F2C2A2D4F00B2F0C3 /* Assets.xcassets in Resources */,
			);
			runOnlyForDeploymentPostprocessing = 0;
		};
/* End PBXResourcesBuildPhase section */

/* Begin PBXSourcesBuildPhase section */
		04FC37032C2A2D4700B2F0C3 /* Sources */ = {
			isa = PBXSourcesBuildPhase;
			buildActionMask = 2147483647;
			files = (
				0462ECA82C2AFD7200282569 /* LoadingCodable.swift in Sources */,
				0462ECA02C2AE08D00282569 /* SingleScroll.swift in Sources */,
				04FC370D2C2A2D4700B2F0C3 /* ContentView.swift in Sources */,
				0462ECB42C2AFF7F00282569 /* Astronaut.swift in Sources */,
				0462ECA62C2AFACD00282569 /* LayoutScroll.swift in Sources */,
				0462ECB62C2AFFEE00282569 /* Bundle-Decodable.swift in Sources */,
				0462ECA22C2AE9CF00282569 /* NavigationRouter.swift in Sources */,
				0462ECA42C2AEF2300282569 /* HierarchialCode.swift in Sources */,
				0462ECB82C2B0A3000282569 /* Mission.swift in Sources */,
				04FC370B2C2A2D4700B2F0C3 /* MoonshotApp.swift in Sources */,
			);
			runOnlyForDeploymentPostprocessing = 0;
		};
/* End PBXSourcesBuildPhase section */

/* Begin XCBuildConfiguration section */
		04FC37132C2A2D4F00B2F0C3 /* Debug */ = {
			isa = XCBuildConfiguration;
			buildSettings = {
				ALWAYS_SEARCH_USER_PATHS = NO;
				ASSETCATALOG_COMPILER_GENERATE_SWIFT_ASSET_SYMBOL_EXTENSIONS = YES;
				CLANG_ANALYZER_NONNULL = YES;
				CLANG_ANALYZER_NUMBER_OBJECT_CONVERSION = YES_AGGRESSIVE;
				CLANG_CXX_LANGUAGE_STANDARD = "gnu++20";
				CLANG_ENABLE_MODULES = YES;
				CLANG_ENABLE_OBJC_ARC = YES;
				CLANG_ENABLE_OBJC_WEAK = YES;
				CLANG_WARN_BLOCK_CAPTURE_AUTORELEASING = YES;
				CLANG_WARN_BOOL_CONVERSION = YES;
				CLANG_WARN_COMMA = YES;
				CLANG_WARN_CONSTANT_CONVERSION = YES;
				CLANG_WARN_DEPRECATED_OBJC_IMPLEMENTATIONS = YES;
				CLANG_WARN_DIRECT_OBJC_ISA_USAGE = YES_ERROR;
				CLANG_WARN_DOCUMENTATION_COMMENTS = YES;
				CLANG_WARN_EMPTY_BODY = YES;
				CLANG_WARN_ENUM_CONVERSION = YES;
				CLANG_WARN_INFINITE_RECURSION = YES;
				CLANG_WARN_INT_CONVERSION = YES;
				CLANG_WARN_NON_LITERAL_NULL_CONVERSION = YES;
				CLANG_WARN_OBJC_IMPLICIT_RETAIN_SELF = YES;
				CLANG_WARN_OBJC_LITERAL_CONVERSION = YES;
				CLANG_WARN_OBJC_ROOT_CLASS = YES_ERROR;
				CLANG_WARN_QUOTED_INCLUDE_IN_FRAMEWORK_HEADER = YES;
				CLANG_WARN_RANGE_LOOP_ANALYSIS = YES;
				CLANG_WARN_STRICT_PROTOTYPES = YES;
				CLANG_WARN_SUSPICIOUS_MOVE = YES;
				CLANG_WARN_UNGUARDED_AVAILABILITY = YES_AGGRESSIVE;
				CLANG_WARN_UNREACHABLE_CODE = YES;
				CLANG_WARN__DUPLICATE_METHOD_MATCH = YES;
				COPY_PHASE_STRIP = NO;
				DEBUG_INFORMATION_FORMAT = dwarf;
				ENABLE_STRICT_OBJC_MSGSEND = YES;
				ENABLE_TESTABILITY = YES;
				ENABLE_USER_SCRIPT_SANDBOXING = YES;
				GCC_C_LANGUAGE_STANDARD = gnu17;
				GCC_DYNAMIC_NO_PIC = NO;
				GCC_NO_COMMON_BLOCKS = YES;
				GCC_OPTIMIZATION_LEVEL = 0;
				GCC_PREPROCESSOR_DEFINITIONS = (
					"DEBUG=1",
					"$(inherited)",
				);
				GCC_WARN_64_TO_32_BIT_CONVERSION = YES;
				GCC_WARN_ABOUT_RETURN_TYPE = YES_ERROR;
				GCC_WARN_UNDECLARED_SELECTOR = YES;
				GCC_WARN_UNINITIALIZED_AUTOS = YES_AGGRESSIVE;
				GCC_WARN_UNUSED_FUNCTION = YES;
				GCC_WARN_UNUSED_VARIABLE = YES;
				IPHONEOS_DEPLOYMENT_TARGET = 17.0;
				LOCALIZATION_PREFERS_STRING_CATALOGS = YES;
				MTL_ENABLE_DEBUG_INFO = INCLUDE_SOURCE;
				MTL_FAST_MATH = YES;
				ONLY_ACTIVE_ARCH = YES;
				SDKROOT = iphoneos;
				SWIFT_ACTIVE_COMPILATION_CONDITIONS = "DEBUG $(inherited)";
				SWIFT_OPTIMIZATION_LEVEL = "-Onone";
			};
			name = Debug;
		};
		04FC37142C2A2D4F00B2F0C3 /* Release */ = {
			isa = XCBuildConfiguration;
			buildSettings = {
				ALWAYS_SEARCH_USER_PATHS = NO;
				ASSETCATALOG_COMPILER_GENERATE_SWIFT_ASSET_SYMBOL_EXTENSIONS = YES;
				CLANG_ANALYZER_NONNULL = YES;
				CLANG_ANALYZER_NUMBER_OBJECT_CONVERSION = YES_AGGRESSIVE;
				CLANG_CXX_LANGUAGE_STANDARD = "gnu++20";
				CLANG_ENABLE_MODULES = YES;
				CLANG_ENABLE_OBJC_ARC = YES;
				CLANG_ENABLE_OBJC_WEAK = YES;
				CLANG_WARN_BLOCK_CAPTURE_AUTORELEASING = YES;
				CLANG_WARN_BOOL_CONVERSION = YES;
				CLANG_WARN_COMMA = YES;
				CLANG_WARN_CONSTANT_CONVERSION = YES;
				CLANG_WARN_DEPRECATED_OBJC_IMPLEMENTATIONS = YES;
				CLANG_WARN_DIRECT_OBJC_ISA_USAGE = YES_ERROR;
				CLANG_WARN_DOCUMENTATION_COMMENTS = YES;
				CLANG_WARN_EMPTY_BODY = YES;
				CLANG_WARN_ENUM_CONVERSION = YES;
				CLANG_WARN_INFINITE_RECURSION = YES;
				CLANG_WARN_INT_CONVERSION = YES;
				CLANG_WARN_NON_LITERAL_NULL_CONVERSION = YES;
				CLANG_WARN_OBJC_IMPLICIT_RETAIN_SELF = YES;
				CLANG_WARN_OBJC_LITERAL_CONVERSION = YES;
				CLANG_WARN_OBJC_ROOT_CLASS = YES_ERROR;
				CLANG_WARN_QUOTED_INCLUDE_IN_FRAMEWORK_HEADER = YES;
				CLANG_WARN_RANGE_LOOP_ANALYSIS = YES;
				CLANG_WARN_STRICT_PROTOTYPES = YES;
				CLANG_WARN_SUSPICIOUS_MOVE = YES;
				CLANG_WARN_UNGUARDED_AVAILABILITY = YES_AGGRESSIVE;
				CLANG_WARN_UNREACHABLE_CODE = YES;
				CLANG_WARN__DUPLICATE_METHOD_MATCH = YES;
				COPY_PHASE_STRIP = NO;
				DEBUG_INFORMATION_FORMAT = "dwarf-with-dsym";
				ENABLE_NS_ASSERTIONS = NO;
				ENABLE_STRICT_OBJC_MSGSEND = YES;
				ENABLE_USER_SCRIPT_SANDBOXING = YES;
				GCC_C_LANGUAGE_STANDARD = gnu17;
				GCC_NO_COMMON_BLOCKS = YES;
				GCC_WARN_64_TO_32_BIT_CONVERSION = YES;
				GCC_WARN_ABOUT_RETURN_TYPE = YES_ERROR;
				GCC_WARN_UNDECLARED_SELECTOR = YES;
				GCC_WARN_UNINITIALIZED_AUTOS = YES_AGGRESSIVE;
				GCC_WARN_UNUSED_FUNCTION = YES;
				GCC_WARN_UNUSED_VARIABLE = YES;
				IPHONEOS_DEPLOYMENT_TARGET = 17.0;
				LOCALIZATION_PREFERS_STRING_CATALOGS = YES;
				MTL_ENABLE_DEBUG_INFO = NO;
				MTL_FAST_MATH = YES;
				SDKROOT = iphoneos;
				SWIFT_COMPILATION_MODE = wholemodule;
				VALIDATE_PRODUCT = YES;
			};
			name = Release;
		};
		04FC37162C2A2D4F00B2F0C3 /* Debug */ = {
			isa = XCBuildConfiguration;
			buildSettings = {
				ASSETCATALOG_COMPILER_APPICON_NAME = AppIcon;
				ASSETCATALOG_COMPILER_GLOBAL_ACCENT_COLOR_NAME = AccentColor;
				CODE_SIGN_STYLE = Automatic;
				CURRENT_PROJECT_VERSION = 1;
				DEVELOPMENT_ASSET_PATHS = "\"Moonshot/Preview Content\"";
				ENABLE_PREVIEWS = YES;
				GENERATE_INFOPLIST_FILE = YES;
				INFOPLIST_KEY_UIApplicationSceneManifest_Generation = YES;
				INFOPLIST_KEY_UIApplicationSupportsIndirectInputEvents = YES;
				INFOPLIST_KEY_UILaunchScreen_Generation = YES;
				INFOPLIST_KEY_UISupportedInterfaceOrientations_iPad = "UIInterfaceOrientationPortrait UIInterfaceOrientationPortraitUpsideDown UIInterfaceOrientationLandscapeLeft UIInterfaceOrientationLandscapeRight";
				INFOPLIST_KEY_UISupportedInterfaceOrientations_iPhone = "UIInterfaceOrientationPortrait UIInterfaceOrientationLandscapeLeft UIInterfaceOrientationLandscapeRight";
				LD_RUNPATH_SEARCH_PATHS = (
					"$(inherited)",
					"@executable_path/Frameworks",
				);
				MARKETING_VERSION = 1.0;
				PRODUCT_BUNDLE_IDENTIFIER = com.cognate.Moonshot;
				PRODUCT_NAME = "$(TARGET_NAME)";
				SWIFT_EMIT_LOC_STRINGS = YES;
				SWIFT_VERSION = 5.0;
				TARGETED_DEVICE_FAMILY = "1,2";
			};
			name = Debug;
		};
		04FC37172C2A2D4F00B2F0C3 /* Release */ = {
			isa = XCBuildConfiguration;
			buildSettings = {
				ASSETCATALOG_COMPILER_APPICON_NAME = AppIcon;
				ASSETCATALOG_COMPILER_GLOBAL_ACCENT_COLOR_NAME = AccentColor;
				CODE_SIGN_STYLE = Automatic;
				CURRENT_PROJECT_VERSION = 1;
				DEVELOPMENT_ASSET_PATHS = "\"Moonshot/Preview Content\"";
				ENABLE_PREVIEWS = YES;
				GENERATE_INFOPLIST_FILE = YES;
				INFOPLIST_KEY_UIApplicationSceneManifest_Generation = YES;
				INFOPLIST_KEY_UIApplicationSupportsIndirectInputEvents = YES;
				INFOPLIST_KEY_UILaunchScreen_Generation = YES;
				INFOPLIST_KEY_UISupportedInterfaceOrientations_iPad = "UIInterfaceOrientationPortrait UIInterfaceOrientationPortraitUpsideDown UIInterfaceOrientationLandscapeLeft UIInterfaceOrientationLandscapeRight";
				INFOPLIST_KEY_UISupportedInterfaceOrientations_iPhone = "UIInterfaceOrientationPortrait UIInterfaceOrientationLandscapeLeft UIInterfaceOrientationLandscapeRight";
				LD_RUNPATH_SEARCH_PATHS = (
					"$(inherited)",
					"@executable_path/Frameworks",
				);
				MARKETING_VERSION = 1.0;
				PRODUCT_BUNDLE_IDENTIFIER = com.cognate.Moonshot;
				PRODUCT_NAME = "$(TARGET_NAME)";
				SWIFT_EMIT_LOC_STRINGS = YES;
				SWIFT_VERSION = 5.0;
				TARGETED_DEVICE_FAMILY = "1,2";
			};
			name = Release;
		};
/* End XCBuildConfiguration section */

/* Begin XCConfigurationList section */
		04FC37022C2A2D4700B2F0C3 /* Build configuration list for PBXProject "Moonshot" */ = {
			isa = XCConfigurationList;
			buildConfigurations = (
				04FC37132C2A2D4F00B2F0C3 /* Debug */,
				04FC37142C2A2D4F00B2F0C3 /* Release */,
			);
			defaultConfigurationIsVisible = 0;
			defaultConfigurationName = Release;
		};
		04FC37152C2A2D4F00B2F0C3 /* Build configuration list for PBXNativeTarget "Moonshot" */ = {
			isa = XCConfigurationList;
			buildConfigurations = (
				04FC37162C2A2D4F00B2F0C3 /* Debug */,
				04FC37172C2A2D4F00B2F0C3 /* Release */,
			);
			defaultConfigurationIsVisible = 0;
			defaultConfigurationName = Release;
		};
/* End XCConfigurationList section */
	};
	rootObject = 04FC36FF2C2A2D4700B2F0C3 /* Project object */;
}
